
Microsoft Visual Studio Solution File, Format Version 12.00
# Visual Studio Version 17
VisualStudioVersion = 17.6.33829.357
MinimumVisualStudioVersion = 10.0.40219.1
Project("{8BC9CEB8-8B4A-11D0-8D11-00A0C91BC942}") = "CudaRuntime1", "CudaRuntime1\CudaRuntime1.vcxproj", "{D378FFDB-BF09-4F96-8CE8-A79FAA53D0DD}"
EndProject
Global
	GlobalSection(SolutionConfigurationPlatforms) = preSolution
		Debug|x64 = Debug|x64
		Release|x64 = Release|x64
	EndGlobalSection
	GlobalSection(ProjectConfigurationPlatforms) = postSolution
		{D378FFDB-BF09-4F96-8CE8-A79FAA53D0DD}.Debug|x64.ActiveCfg = Debug|x64
		{D378FFDB-BF09-4F96-8CE8-A79FAA53D0DD}.Debug|x64.Build.0 = Debug|x64
		{D378FFDB-BF09-4F96-8CE8-A79FAA53D0DD}.Release|x64.ActiveCfg = Release|x64
		{D378FFDB-BF09-4F96-8CE8-A79FAA53D0DD}.Release|x64.Build.0 = Release|x64
	EndGlobalSection
	GlobalSection(SolutionProperties) = preSolution
		HideSolutionNode = FALSE
	EndGlobalSection
	GlobalSection(ExtensibilityGlobals) = postSolution
		SolutionGuid = {4D0793CD-91CC-4F88-BC90-442CC682D6D4}
	EndGlobalSection
EndGlobal
